
Microsoft Visual Studio Solution File, Format Version 12.00
# Visual Studio Version 17
VisualStudioVersion = 17.11.35312.102
MinimumVisualStudioVersion = 10.0.40219.1
Project("{9A19103F-16F7-4668-BE54-9A1E7A4F7556}") = "Gyminize", "Gyminize\Gyminize.csproj", "{48901BE2-BAD0-46DE-9E7B-761A51816C60}"
EndProject
Project("{9A19103F-16F7-4668-BE54-9A1E7A4F7556}") = "Gyminize.Core", "Gyminize.Core\Gyminize.Core.csproj", "{EC956E95-C10A-4D4D-8BBB-7B6651C348DD}"
EndProject
Project("{9A19103F-16F7-4668-BE54-9A1E7A4F7556}") = "Gyminize_API", "Gyminize_API\Gyminize_API.csproj", "{8FD00726-77A2-481C-B93F-69D2C93C3AD2}"
EndProject
Project("{9A19103F-16F7-4668-BE54-9A1E7A4F7556}") = "Gyminize.Tests.MSTest", "Gyminize.Tests.MSTest\Gyminize.Tests.MSTest.csproj", "{DDC2A137-75B2-4E74-AB3F-7BD75FC73D85}"
EndProject
Global
	GlobalSection(SolutionConfigurationPlatforms) = preSolution
		Debug|Any CPU = Debug|Any CPU
		Debug|arm64 = Debug|arm64
		Debug|x64 = Debug|x64
		Debug|x86 = Debug|x86
		Release|Any CPU = Release|Any CPU
		Release|arm64 = Release|arm64
		Release|x64 = Release|x64
		Release|x86 = Release|x86
	EndGlobalSection
	GlobalSection(ProjectConfigurationPlatforms) = postSolution
		{48901BE2-BAD0-46DE-9E7B-761A51816C60}.Debug|Any CPU.ActiveCfg = Debug|x64
		{48901BE2-BAD0-46DE-9E7B-761A51816C60}.Debug|Any CPU.Build.0 = Debug|x64
		{48901BE2-BAD0-46DE-9E7B-761A51816C60}.Debug|Any CPU.Deploy.0 = Debug|x64
		{48901BE2-BAD0-46DE-9E7B-761A51816C60}.Debug|arm64.ActiveCfg = Debug|arm64
		{48901BE2-BAD0-46DE-9E7B-761A51816C60}.Debug|arm64.Build.0 = Debug|arm64
		{48901BE2-BAD0-46DE-9E7B-761A51816C60}.Debug|arm64.Deploy.0 = Debug|arm64
		{48901BE2-BAD0-46DE-9E7B-761A51816C60}.Debug|x64.ActiveCfg = Debug|x64
		{48901BE2-BAD0-46DE-9E7B-761A51816C60}.Debug|x64.Build.0 = Debug|x64
		{48901BE2-BAD0-46DE-9E7B-761A51816C60}.Debug|x64.Deploy.0 = Debug|x64
		{48901BE2-BAD0-46DE-9E7B-761A51816C60}.Debug|x86.ActiveCfg = Debug|x86
		{48901BE2-BAD0-46DE-9E7B-761A51816C60}.Debug|x86.Build.0 = Debug|x86
		{48901BE2-BAD0-46DE-9E7B-761A51816C60}.Debug|x86.Deploy.0 = Debug|x86
		{48901BE2-BAD0-46DE-9E7B-761A51816C60}.Release|Any CPU.ActiveCfg = Release|x64
		{48901BE2-BAD0-46DE-9E7B-761A51816C60}.Release|Any CPU.Build.0 = Release|x64
		{48901BE2-BAD0-46DE-9E7B-761A51816C60}.Release|Any CPU.Deploy.0 = Release|x64
		{48901BE2-BAD0-46DE-9E7B-761A51816C60}.Release|arm64.ActiveCfg = Release|arm64
		{48901BE2-BAD0-46DE-9E7B-761A51816C60}.Release|arm64.Build.0 = Release|arm64
		{48901BE2-BAD0-46DE-9E7B-761A51816C60}.Release|arm64.Deploy.0 = Release|arm64
		{48901BE2-BAD0-46DE-9E7B-761A51816C60}.Release|x64.ActiveCfg = Release|x64
		{48901BE2-BAD0-46DE-9E7B-761A51816C60}.Release|x64.Build.0 = Release|x64
		{48901BE2-BAD0-46DE-9E7B-761A51816C60}.Release|x64.Deploy.0 = Release|x64
		{48901BE2-BAD0-46DE-9E7B-761A51816C60}.Release|x86.ActiveCfg = Release|x86
		{48901BE2-BAD0-46DE-9E7B-761A51816C60}.Release|x86.Build.0 = Release|x86
		{48901BE2-BAD0-46DE-9E7B-761A51816C60}.Release|x86.Deploy.0 = Release|x86
		{EC956E95-C10A-4D4D-8BBB-7B6651C348DD}.Debug|Any CPU.ActiveCfg = Debug|Any CPU
		{EC956E95-C10A-4D4D-8BBB-7B6651C348DD}.Debug|Any CPU.Build.0 = Debug|Any CPU
		{EC956E95-C10A-4D4D-8BBB-7B6651C348DD}.Debug|arm64.ActiveCfg = Debug|arm64
		{EC956E95-C10A-4D4D-8BBB-7B6651C348DD}.Debug|arm64.Build.0 = Debug|arm64
		{EC956E95-C10A-4D4D-8BBB-7B6651C348DD}.Debug|x64.ActiveCfg = Debug|x64
		{EC956E95-C10A-4D4D-8BBB-7B6651C348DD}.Debug|x64.Build.0 = Debug|x64
		{EC956E95-C10A-4D4D-8BBB-7B6651C348DD}.Debug|x86.ActiveCfg = Debug|x86
		{EC956E95-C10A-4D4D-8BBB-7B6651C348DD}.Debug|x86.Build.0 = Debug|x86
		{EC956E95-C10A-4D4D-8BBB-7B6651C348DD}.Release|Any CPU.ActiveCfg = Release|Any CPU
		{EC956E95-C10A-4D4D-8BBB-7B6651C348DD}.Release|Any CPU.Build.0 = Release|Any CPU
		{EC956E95-C10A-4D4D-8BBB-7B6651C348DD}.Release|arm64.ActiveCfg = Release|arm64
		{EC956E95-C10A-4D4D-8BBB-7B6651C348DD}.Release|arm64.Build.0 = Release|arm64
		{EC956E95-C10A-4D4D-8BBB-7B6651C348DD}.Release|x64.ActiveCfg = Release|x64
		{EC956E95-C10A-4D4D-8BBB-7B6651C348DD}.Release|x64.Build.0 = Release|x64
		{EC956E95-C10A-4D4D-8BBB-7B6651C348DD}.Release|x86.ActiveCfg = Release|x86
		{EC956E95-C10A-4D4D-8BBB-7B6651C348DD}.Release|x86.Build.0 = Release|x86
		{8FD00726-77A2-481C-B93F-69D2C93C3AD2}.Debug|Any CPU.ActiveCfg = Debug|Any CPU
		{8FD00726-77A2-481C-B93F-69D2C93C3AD2}.Debug|Any CPU.Build.0 = Debug|Any CPU
		{8FD00726-77A2-481C-B93F-69D2C93C3AD2}.Debug|arm64.ActiveCfg = Debug|Any CPU
		{8FD00726-77A2-481C-B93F-69D2C93C3AD2}.Debug|arm64.Build.0 = Debug|Any CPU
		{8FD00726-77A2-481C-B93F-69D2C93C3AD2}.Debug|x64.ActiveCfg = Debug|Any CPU
		{8FD00726-77A2-481C-B93F-69D2C93C3AD2}.Debug|x64.Build.0 = Debug|Any CPU
		{8FD00726-77A2-481C-B93F-69D2C93C3AD2}.Debug|x86.ActiveCfg = Debug|Any CPU
		{8FD00726-77A2-481C-B93F-69D2C93C3AD2}.Debug|x86.Build.0 = Debug|Any CPU
		{8FD00726-77A2-481C-B93F-69D2C93C3AD2}.Release|Any CPU.ActiveCfg = Release|Any CPU
		{8FD00726-77A2-481C-B93F-69D2C93C3AD2}.Release|Any CPU.Build.0 = Release|Any CPU
		{8FD00726-77A2-481C-B93F-69D2C93C3AD2}.Release|arm64.ActiveCfg = Release|Any CPU
		{8FD00726-77A2-481C-B93F-69D2C93C3AD2}.Release|arm64.Build.0 = Release|Any CPU
		{8FD00726-77A2-481C-B93F-69D2C93C3AD2}.Release|x64.ActiveCfg = Release|Any CPU
		{8FD00726-77A2-481C-B93F-69D2C93C3AD2}.Release|x64.Build.0 = Release|Any CPU
		{8FD00726-77A2-481C-B93F-69D2C93C3AD2}.Release|x86.ActiveCfg = Release|Any CPU
		{8FD00726-77A2-481C-B93F-69D2C93C3AD2}.Release|x86.Build.0 = Release|Any CPU
		{DDC2A137-75B2-4E74-AB3F-7BD75FC73D85}.Debug|Any CPU.ActiveCfg = Debug|x64
		{DDC2A137-75B2-4E74-AB3F-7BD75FC73D85}.Debug|Any CPU.Build.0 = Debug|x64
		{DDC2A137-75B2-4E74-AB3F-7BD75FC73D85}.Debug|arm64.ActiveCfg = Debug|arm64
		{DDC2A137-75B2-4E74-AB3F-7BD75FC73D85}.Debug|arm64.Build.0 = Debug|arm64
		{DDC2A137-75B2-4E74-AB3F-7BD75FC73D85}.Debug|x64.ActiveCfg = Debug|x64
		{DDC2A137-75B2-4E74-AB3F-7BD75FC73D85}.Debug|x64.Build.0 = Debug|x64
		{DDC2A137-75B2-4E74-AB3F-7BD75FC73D85}.Debug|x86.ActiveCfg = Debug|x86
		{DDC2A137-75B2-4E74-AB3F-7BD75FC73D85}.Debug|x86.Build.0 = Debug|x86
		{DDC2A137-75B2-4E74-AB3F-7BD75FC73D85}.Release|Any CPU.ActiveCfg = Release|x64
		{DDC2A137-75B2-4E74-AB3F-7BD75FC73D85}.Release|Any CPU.Build.0 = Release|x64
		{DDC2A137-75B2-4E74-AB3F-7BD75FC73D85}.Release|arm64.ActiveCfg = Release|arm64
		{DDC2A137-75B2-4E74-AB3F-7BD75FC73D85}.Release|arm64.Build.0 = Release|arm64
		{DDC2A137-75B2-4E74-AB3F-7BD75FC73D85}.Release|x64.ActiveCfg = Release|x64
		{DDC2A137-75B2-4E74-AB3F-7BD75FC73D85}.Release|x64.Build.0 = Release|x64
		{DDC2A137-75B2-4E74-AB3F-7BD75FC73D85}.Release|x86.ActiveCfg = Release|x86
		{DDC2A137-75B2-4E74-AB3F-7BD75FC73D85}.Release|x86.Build.0 = Release|x86
	EndGlobalSection
	GlobalSection(SolutionProperties) = preSolution
		HideSolutionNode = FALSE
	EndGlobalSection
	GlobalSection(ExtensibilityGlobals) = postSolution
		SolutionGuid = {CD6AC7E2-9497-480A-8DAB-12FDD3834A71}
	EndGlobalSection
EndGlobal
